
Microsoft Visual Studio Solution File, Format Version 12.00
# Visual Studio Version 17
VisualStudioVersion = 17.8.34316.72
MinimumVisualStudioVersion = 10.0.40219.1
Project("{FAE04EC0-301F-11D3-BF4B-00C04F79EFBC}") = "ProyectoEjerciciosCiclos", "ProyectoEjerciciosCiclos\ProyectoEjerciciosCiclos.csproj", "{6F9EFEAE-1F28-4667-B7AA-17617910E707}"
EndProject
Global
	GlobalSection(SolutionConfigurationPlatforms) = preSolution
		Debug|Any CPU = Debug|Any CPU
		Release|Any CPU = Release|Any CPU
	EndGlobalSection
	GlobalSection(ProjectConfigurationPlatforms) = postSolution
		{6F9EFEAE-1F28-4667-B7AA-17617910E707}.Debug|Any CPU.ActiveCfg = Debug|Any CPU
		{6F9EFEAE-1F28-4667-B7AA-17617910E707}.Debug|Any CPU.Build.0 = Debug|Any CPU
		{6F9EFEAE-1F28-4667-B7AA-17617910E707}.Release|Any CPU.ActiveCfg = Release|Any CPU
		{6F9EFEAE-1F28-4667-B7AA-17617910E707}.Release|Any CPU.Build.0 = Release|Any CPU
	EndGlobalSection
	GlobalSection(SolutionProperties) = preSolution
		HideSolutionNode = FALSE
	EndGlobalSection
	GlobalSection(ExtensibilityGlobals) = postSolution
		SolutionGuid = {9554C9B4-7D6C-491C-8BB4-624AD5AF1D93}
	EndGlobalSection
EndGlobal
